
Microsoft Visual Studio Solution File, Format Version 12.00
# Visual Studio 15
VisualStudioVersion = 15.0.27130.2027
MinimumVisualStudioVersion = 10.0.40219.1
Project("{FAE04EC0-301F-11D3-BF4B-00C04F79EFBC}") = "Ex7_2", "Ex7_2\Ex7_2.csproj", "{6606460D-A18A-4527-BCA3-560DDF926C2D}"
EndProject
Global
	GlobalSection(SolutionConfigurationPlatforms) = preSolution
		Debug|Any CPU = Debug|Any CPU
		Release|Any CPU = Release|Any CPU
	EndGlobalSection
	GlobalSection(ProjectConfigurationPlatforms) = postSolution
		{6606460D-A18A-4527-BCA3-560DDF926C2D}.Debug|Any CPU.ActiveCfg = Debug|Any CPU
		{6606460D-A18A-4527-BCA3-560DDF926C2D}.Debug|Any CPU.Build.0 = Debug|Any CPU
		{6606460D-A18A-4527-BCA3-560DDF926C2D}.Release|Any CPU.ActiveCfg = Release|Any CPU
		{6606460D-A18A-4527-BCA3-560DDF926C2D}.Release|Any CPU.Build.0 = Release|Any CPU
	EndGlobalSection
	GlobalSection(SolutionProperties) = preSolution
		HideSolutionNode = FALSE
	EndGlobalSection
	GlobalSection(ExtensibilityGlobals) = postSolution
		SolutionGuid = {FE08899A-D6DD-4CEC-8939-7601A215D088}
	EndGlobalSection
EndGlobal
